
Microsoft Visual Studio Solution File, Format Version 12.00
# Visual Studio 15
VisualStudioVersion = 15.0.27428.2037
MinimumVisualStudioVersion = 10.0.40219.1
Project("{FAE04EC0-301F-11D3-BF4B-00C04F79EFBC}") = "Test_Automation_Framework", "Test_Automation\Test_Automation_Framework.csproj", "{7FC37B78-C82D-4888-9D00-AE352282A89C}"
EndProject
Global
	GlobalSection(SolutionConfigurationPlatforms) = preSolution
		Debug|Any CPU = Debug|Any CPU
		Release|Any CPU = Release|Any CPU
	EndGlobalSection
	GlobalSection(ProjectConfigurationPlatforms) = postSolution
		{7FC37B78-C82D-4888-9D00-AE352282A89C}.Debug|Any CPU.ActiveCfg = Debug|Any CPU
		{7FC37B78-C82D-4888-9D00-AE352282A89C}.Debug|Any CPU.Build.0 = Debug|Any CPU
		{7FC37B78-C82D-4888-9D00-AE352282A89C}.Release|Any CPU.ActiveCfg = Release|Any CPU
		{7FC37B78-C82D-4888-9D00-AE352282A89C}.Release|Any CPU.Build.0 = Release|Any CPU
	EndGlobalSection
	GlobalSection(SolutionProperties) = preSolution
		HideSolutionNode = FALSE
	EndGlobalSection
	GlobalSection(ExtensibilityGlobals) = postSolution
		SolutionGuid = {67D7C119-472E-46E5-879B-ED85ED178365}
	EndGlobalSection
EndGlobal
